
Microsoft Visual Studio Solution File, Format Version 12.00
# Visual Studio Version 16
VisualStudioVersion = 16.0.32106.194
MinimumVisualStudioVersion = 10.0.40219.1
Project("{FAE04EC0-301F-11D3-BF4B-00C04F79EFBC}") = "Email", "Email\Email.csproj", "{03ACCC98-AB6D-4A06-AC9F-AEC0B7EE5C13}"
EndProject
Global
	GlobalSection(SolutionConfigurationPlatforms) = preSolution
		Debug|Any CPU = Debug|Any CPU
		Release|Any CPU = Release|Any CPU
	EndGlobalSection
	GlobalSection(ProjectConfigurationPlatforms) = postSolution
		{03ACCC98-AB6D-4A06-AC9F-AEC0B7EE5C13}.Debug|Any CPU.ActiveCfg = Debug|Any CPU
		{03ACCC98-AB6D-4A06-AC9F-AEC0B7EE5C13}.Debug|Any CPU.Build.0 = Debug|Any CPU
		{03ACCC98-AB6D-4A06-AC9F-AEC0B7EE5C13}.Release|Any CPU.ActiveCfg = Release|Any CPU
		{03ACCC98-AB6D-4A06-AC9F-AEC0B7EE5C13}.Release|Any CPU.Build.0 = Release|Any CPU
	EndGlobalSection
	GlobalSection(SolutionProperties) = preSolution
		HideSolutionNode = FALSE
	EndGlobalSection
	GlobalSection(ExtensibilityGlobals) = postSolution
		SolutionGuid = {AAD15E2C-AB87-4E1D-92A2-5E63CE96B105}
	EndGlobalSection
EndGlobal
